
Microsoft Visual Studio Solution File, Format Version 12.00
# Visual Studio Version 16
VisualStudioVersion = 16.0.31129.286
MinimumVisualStudioVersion = 10.0.40219.1
Project("{9A19103F-16F7-4668-BE54-9A1E7A4F7556}") = "OPADotNet.Embedded", "src\OPADotNet.Embedded\OPADotNet.Embedded.csproj", "{250FCD17-F06C-4490-9DE5-055F4014D9E6}"
EndProject
Project("{2150E333-8FDC-42A3-9474-1A3956D46DE8}") = "src", "src", "{CA32682B-E7CF-48C0-A957-0549E4175D86}"
EndProject
Project("{2150E333-8FDC-42A3-9474-1A3956D46DE8}") = "tests", "tests", "{7C9C2CCF-4FA7-441A-9A23-4957B4921AE9}"
EndProject
Project("{9A19103F-16F7-4668-BE54-9A1E7A4F7556}") = "OPADotNet.Embedded.Tests", "tests\OPADotNet.Embedded.Tests\OPADotNet.Embedded.Tests.csproj", "{23BC908F-D3B9-4490-B470-E6E244770D6C}"
EndProject
Project("{9A19103F-16F7-4668-BE54-9A1E7A4F7556}") = "OPADotNet.Expressions", "src\OPADotNet.Expressions\OPADotNet.Expressions.csproj", "{2B44BC10-2D44-468A-89E7-8765D64906A2}"
EndProject
Project("{9A19103F-16F7-4668-BE54-9A1E7A4F7556}") = "OPADotNet.AspNetCore", "src\OPADotNet.AspNetCore\OPADotNet.AspNetCore.csproj", "{BB2E8019-540C-4E97-9ADB-32C1C6D37D5E}"
EndProject
Project("{9A19103F-16F7-4668-BE54-9A1E7A4F7556}") = "OPADotNet.AspNetCore.WebTest", "tests\OPADotNet.AspNetCore.WebTest\OPADotNet.AspNetCore.WebTest.csproj", "{62892FC7-5765-4DA4-9D93-EA60F1C0BE11}"
EndProject
Project("{9A19103F-16F7-4668-BE54-9A1E7A4F7556}") = "OPADotNet.Core", "src\OPADotNet.Core\OPADotNet.Core.csproj", "{B15BB87A-AE61-45EB-A73A-19A4FCD74B2A}"
EndProject
Project("{9A19103F-16F7-4668-BE54-9A1E7A4F7556}") = "OPADotNet.TestFramework", "src\OPADotNet.TestFramework\OPADotNet.TestFramework.csproj", "{7CB60EBB-D6C9-46A8-A94D-5ADE5187767F}"
EndProject
Project("{9A19103F-16F7-4668-BE54-9A1E7A4F7556}") = "OPADotNet.TestFramework.Tests", "tests\OPADotNet.TestFramework.Tests\OPADotNet.TestFramework.Tests.csproj", "{161082CE-F669-4675-9D4E-78DB71398388}"
EndProject
Project("{2150E333-8FDC-42A3-9474-1A3956D46DE8}") = "samples", "samples", "{1D6C1313-E8B0-4032-B89D-304647842D96}"
EndProject
Project("{9A19103F-16F7-4668-BE54-9A1E7A4F7556}") = "MvcExample", "..\samples\MvcExample\MvcExample.csproj", "{AD4B869B-0827-4AD1-8847-58B752E3EE23}"
EndProject
Project("{9A19103F-16F7-4668-BE54-9A1E7A4F7556}") = "OPADotNet.Expressions.Tests", "tests\OPADotNet.Expressions.Tests\OPADotNet.Expressions.Tests.csproj", "{925C4619-069E-4F2C-932B-ED8CCE10A80C}"
EndProject
Global
	GlobalSection(SolutionConfigurationPlatforms) = preSolution
		Debug|Any CPU = Debug|Any CPU
		Debug|x64 = Debug|x64
		Debug|x86 = Debug|x86
		Release|Any CPU = Release|Any CPU
		Release|x64 = Release|x64
		Release|x86 = Release|x86
	EndGlobalSection
	GlobalSection(ProjectConfigurationPlatforms) = postSolution
		{250FCD17-F06C-4490-9DE5-055F4014D9E6}.Debug|Any CPU.ActiveCfg = Debug|Any CPU
		{250FCD17-F06C-4490-9DE5-055F4014D9E6}.Debug|Any CPU.Build.0 = Debug|Any CPU
		{250FCD17-F06C-4490-9DE5-055F4014D9E6}.Debug|x64.ActiveCfg = Debug|Any CPU
		{250FCD17-F06C-4490-9DE5-055F4014D9E6}.Debug|x64.Build.0 = Debug|Any CPU
		{250FCD17-F06C-4490-9DE5-055F4014D9E6}.Debug|x86.ActiveCfg = Debug|Any CPU
		{250FCD17-F06C-4490-9DE5-055F4014D9E6}.Debug|x86.Build.0 = Debug|Any CPU
		{250FCD17-F06C-4490-9DE5-055F4014D9E6}.Release|Any CPU.ActiveCfg = Release|Any CPU
		{250FCD17-F06C-4490-9DE5-055F4014D9E6}.Release|Any CPU.Build.0 = Release|Any CPU
		{250FCD17-F06C-4490-9DE5-055F4014D9E6}.Release|x64.ActiveCfg = Release|Any CPU
		{250FCD17-F06C-4490-9DE5-055F4014D9E6}.Release|x64.Build.0 = Release|Any CPU
		{250FCD17-F06C-4490-9DE5-055F4014D9E6}.Release|x86.ActiveCfg = Release|Any CPU
		{250FCD17-F06C-4490-9DE5-055F4014D9E6}.Release|x86.Build.0 = Release|Any CPU
		{23BC908F-D3B9-4490-B470-E6E244770D6C}.Debug|Any CPU.ActiveCfg = Debug|Any CPU
		{23BC908F-D3B9-4490-B470-E6E244770D6C}.Debug|Any CPU.Build.0 = Debug|Any CPU
		{23BC908F-D3B9-4490-B470-E6E244770D6C}.Debug|x64.ActiveCfg = Debug|Any CPU
		{23BC908F-D3B9-4490-B470-E6E244770D6C}.Debug|x64.Build.0 = Debug|Any CPU
		{23BC908F-D3B9-4490-B470-E6E244770D6C}.Debug|x86.ActiveCfg = Debug|Any CPU
		{23BC908F-D3B9-4490-B470-E6E244770D6C}.Debug|x86.Build.0 = Debug|Any CPU
		{23BC908F-D3B9-4490-B470-E6E244770D6C}.Release|Any CPU.ActiveCfg = Release|Any CPU
		{23BC908F-D3B9-4490-B470-E6E244770D6C}.Release|Any CPU.Build.0 = Release|Any CPU
		{23BC908F-D3B9-4490-B470-E6E244770D6C}.Release|x64.ActiveCfg = Release|Any CPU
		{23BC908F-D3B9-4490-B470-E6E244770D6C}.Release|x64.Build.0 = Release|Any CPU
		{23BC908F-D3B9-4490-B470-E6E244770D6C}.Release|x86.ActiveCfg = Release|Any CPU
		{23BC908F-D3B9-4490-B470-E6E244770D6C}.Release|x86.Build.0 = Release|Any CPU
		{2B44BC10-2D44-468A-89E7-8765D64906A2}.Debug|Any CPU.ActiveCfg = Debug|Any CPU
		{2B44BC10-2D44-468A-89E7-8765D64906A2}.Debug|Any CPU.Build.0 = Debug|Any CPU
		{2B44BC10-2D44-468A-89E7-8765D64906A2}.Debug|x64.ActiveCfg = Debug|Any CPU
		{2B44BC10-2D44-468A-89E7-8765D64906A2}.Debug|x64.Build.0 = Debug|Any CPU
		{2B44BC10-2D44-468A-89E7-8765D64906A2}.Debug|x86.ActiveCfg = Debug|Any CPU
		{2B44BC10-2D44-468A-89E7-8765D64906A2}.Debug|x86.Build.0 = Debug|Any CPU
		{2B44BC10-2D44-468A-89E7-8765D64906A2}.Release|Any CPU.ActiveCfg = Release|Any CPU
		{2B44BC10-2D44-468A-89E7-8765D64906A2}.Release|Any CPU.Build.0 = Release|Any CPU
		{2B44BC10-2D44-468A-89E7-8765D64906A2}.Release|x64.ActiveCfg = Release|Any CPU
		{2B44BC10-2D44-468A-89E7-8765D64906A2}.Release|x64.Build.0 = Release|Any CPU
		{2B44BC10-2D44-468A-89E7-8765D64906A2}.Release|x86.ActiveCfg = Release|Any CPU
		{2B44BC10-2D44-468A-89E7-8765D64906A2}.Release|x86.Build.0 = Release|Any CPU
		{BB2E8019-540C-4E97-9ADB-32C1C6D37D5E}.Debug|Any CPU.ActiveCfg = Debug|Any CPU
		{BB2E8019-540C-4E97-9ADB-32C1C6D37D5E}.Debug|Any CPU.Build.0 = Debug|Any CPU
		{BB2E8019-540C-4E97-9ADB-32C1C6D37D5E}.Debug|x64.ActiveCfg = Debug|Any CPU
		{BB2E8019-540C-4E97-9ADB-32C1C6D37D5E}.Debug|x64.Build.0 = Debug|Any CPU
		{BB2E8019-540C-4E97-9ADB-32C1C6D37D5E}.Debug|x86.ActiveCfg = Debug|Any CPU
		{BB2E8019-540C-4E97-9ADB-32C1C6D37D5E}.Debug|x86.Build.0 = Debug|Any CPU
		{BB2E8019-540C-4E97-9ADB-32C1C6D37D5E}.Release|Any CPU.ActiveCfg = Release|Any CPU
		{BB2E8019-540C-4E97-9ADB-32C1C6D37D5E}.Release|Any CPU.Build.0 = Release|Any CPU
		{BB2E8019-540C-4E97-9ADB-32C1C6D37D5E}.Release|x64.ActiveCfg = Release|Any CPU
		{BB2E8019-540C-4E97-9ADB-32C1C6D37D5E}.Release|x64.Build.0 = Release|Any CPU
		{BB2E8019-540C-4E97-9ADB-32C1C6D37D5E}.Release|x86.ActiveCfg = Release|Any CPU
		{BB2E8019-540C-4E97-9ADB-32C1C6D37D5E}.Release|x86.Build.0 = Release|Any CPU
		{62892FC7-5765-4DA4-9D93-EA60F1C0BE11}.Debug|Any CPU.ActiveCfg = Debug|Any CPU
		{62892FC7-5765-4DA4-9D93-EA60F1C0BE11}.Debug|Any CPU.Build.0 = Debug|Any CPU
		{62892FC7-5765-4DA4-9D93-EA60F1C0BE11}.Debug|x64.ActiveCfg = Debug|x64
		{62892FC7-5765-4DA4-9D93-EA60F1C0BE11}.Debug|x64.Build.0 = Debug|x64
		{62892FC7-5765-4DA4-9D93-EA60F1C0BE11}.Debug|x86.ActiveCfg = Debug|x86
		{62892FC7-5765-4DA4-9D93-EA60F1C0BE11}.Debug|x86.Build.0 = Debug|x86
		{62892FC7-5765-4DA4-9D93-EA60F1C0BE11}.Release|Any CPU.ActiveCfg = Release|Any CPU
		{62892FC7-5765-4DA4-9D93-EA60F1C0BE11}.Release|Any CPU.Build.0 = Release|Any CPU
		{62892FC7-5765-4DA4-9D93-EA60F1C0BE11}.Release|x64.ActiveCfg = Release|x64
		{62892FC7-5765-4DA4-9D93-EA60F1C0BE11}.Release|x64.Build.0 = Release|x64
		{62892FC7-5765-4DA4-9D93-EA60F1C0BE11}.Release|x86.ActiveCfg = Release|x86
		{62892FC7-5765-4DA4-9D93-EA60F1C0BE11}.Release|x86.Build.0 = Release|x86
		{B15BB87A-AE61-45EB-A73A-19A4FCD74B2A}.Debug|Any CPU.ActiveCfg = Debug|Any CPU
		{B15BB87A-AE61-45EB-A73A-19A4FCD74B2A}.Debug|Any CPU.Build.0 = Debug|Any CPU
		{B15BB87A-AE61-45EB-A73A-19A4FCD74B2A}.Debug|x64.ActiveCfg = Debug|Any CPU
		{B15BB87A-AE61-45EB-A73A-19A4FCD74B2A}.Debug|x64.Build.0 = Debug|Any CPU
		{B15BB87A-AE61-45EB-A73A-19A4FCD74B2A}.Debug|x86.ActiveCfg = Debug|Any CPU
		{B15BB87A-AE61-45EB-A73A-19A4FCD74B2A}.Debug|x86.Build.0 = Debug|Any CPU
		{B15BB87A-AE61-45EB-A73A-19A4FCD74B2A}.Release|Any CPU.ActiveCfg = Release|Any CPU
		{B15BB87A-AE61-45EB-A73A-19A4FCD74B2A}.Release|Any CPU.Build.0 = Release|Any CPU
		{B15BB87A-AE61-45EB-A73A-19A4FCD74B2A}.Release|x64.ActiveCfg = Release|Any CPU
		{B15BB87A-AE61-45EB-A73A-19A4FCD74B2A}.Release|x64.Build.0 = Release|Any CPU
		{B15BB87A-AE61-45EB-A73A-19A4FCD74B2A}.Release|x86.ActiveCfg = Release|Any CPU
		{B15BB87A-AE61-45EB-A73A-19A4FCD74B2A}.Release|x86.Build.0 = Release|Any CPU
		{7CB60EBB-D6C9-46A8-A94D-5ADE5187767F}.Debug|Any CPU.ActiveCfg = Debug|Any CPU
		{7CB60EBB-D6C9-46A8-A94D-5ADE5187767F}.Debug|Any CPU.Build.0 = Debug|Any CPU
		{7CB60EBB-D6C9-46A8-A94D-5ADE5187767F}.Debug|x64.ActiveCfg = Debug|Any CPU
		{7CB60EBB-D6C9-46A8-A94D-5ADE5187767F}.Debug|x64.Build.0 = Debug|Any CPU
		{7CB60EBB-D6C9-46A8-A94D-5ADE5187767F}.Debug|x86.ActiveCfg = Debug|Any CPU
		{7CB60EBB-D6C9-46A8-A94D-5ADE5187767F}.Debug|x86.Build.0 = Debug|Any CPU
		{7CB60EBB-D6C9-46A8-A94D-5ADE5187767F}.Release|Any CPU.ActiveCfg = Release|Any CPU
		{7CB60EBB-D6C9-46A8-A94D-5ADE5187767F}.Release|Any CPU.Build.0 = Release|Any CPU
		{7CB60EBB-D6C9-46A8-A94D-5ADE5187767F}.Release|x64.ActiveCfg = Release|Any CPU
		{7CB60EBB-D6C9-46A8-A94D-5ADE5187767F}.Release|x64.Build.0 = Release|Any CPU
		{7CB60EBB-D6C9-46A8-A94D-5ADE5187767F}.Release|x86.ActiveCfg = Release|Any CPU
		{7CB60EBB-D6C9-46A8-A94D-5ADE5187767F}.Release|x86.Build.0 = Release|Any CPU
		{161082CE-F669-4675-9D4E-78DB71398388}.Debug|Any CPU.ActiveCfg = Debug|Any CPU
		{161082CE-F669-4675-9D4E-78DB71398388}.Debug|Any CPU.Build.0 = Debug|Any CPU
		{161082CE-F669-4675-9D4E-78DB71398388}.Debug|x64.ActiveCfg = Debug|Any CPU
		{161082CE-F669-4675-9D4E-78DB71398388}.Debug|x64.Build.0 = Debug|Any CPU
		{161082CE-F669-4675-9D4E-78DB71398388}.Debug|x86.ActiveCfg = Debug|Any CPU
		{161082CE-F669-4675-9D4E-78DB71398388}.Debug|x86.Build.0 = Debug|Any CPU
		{161082CE-F669-4675-9D4E-78DB71398388}.Release|Any CPU.ActiveCfg = Release|Any CPU
		{161082CE-F669-4675-9D4E-78DB71398388}.Release|Any CPU.Build.0 = Release|Any CPU
		{161082CE-F669-4675-9D4E-78DB71398388}.Release|x64.ActiveCfg = Release|Any CPU
		{161082CE-F669-4675-9D4E-78DB71398388}.Release|x64.Build.0 = Release|Any CPU
		{161082CE-F669-4675-9D4E-78DB71398388}.Release|x86.ActiveCfg = Release|Any CPU
		{161082CE-F669-4675-9D4E-78DB71398388}.Release|x86.Build.0 = Release|Any CPU
		{AD4B869B-0827-4AD1-8847-58B752E3EE23}.Debug|Any CPU.ActiveCfg = Debug|Any CPU
		{AD4B869B-0827-4AD1-8847-58B752E3EE23}.Debug|Any CPU.Build.0 = Debug|Any CPU
		{AD4B869B-0827-4AD1-8847-58B752E3EE23}.Debug|x64.ActiveCfg = Debug|Any CPU
		{AD4B869B-0827-4AD1-8847-58B752E3EE23}.Debug|x64.Build.0 = Debug|Any CPU
		{AD4B869B-0827-4AD1-8847-58B752E3EE23}.Debug|x86.ActiveCfg = Debug|Any CPU
		{AD4B869B-0827-4AD1-8847-58B752E3EE23}.Debug|x86.Build.0 = Debug|Any CPU
		{AD4B869B-0827-4AD1-8847-58B752E3EE23}.Release|Any CPU.ActiveCfg = Release|Any CPU
		{AD4B869B-0827-4AD1-8847-58B752E3EE23}.Release|Any CPU.Build.0 = Release|Any CPU
		{AD4B869B-0827-4AD1-8847-58B752E3EE23}.Release|x64.ActiveCfg = Release|Any CPU
		{AD4B869B-0827-4AD1-8847-58B752E3EE23}.Release|x64.Build.0 = Release|Any CPU
		{AD4B869B-0827-4AD1-8847-58B752E3EE23}.Release|x86.ActiveCfg = Release|Any CPU
		{AD4B869B-0827-4AD1-8847-58B752E3EE23}.Release|x86.Build.0 = Release|Any CPU
		{925C4619-069E-4F2C-932B-ED8CCE10A80C}.Debug|Any CPU.ActiveCfg = Debug|Any CPU
		{925C4619-069E-4F2C-932B-ED8CCE10A80C}.Debug|Any CPU.Build.0 = Debug|Any CPU
		{925C4619-069E-4F2C-932B-ED8CCE10A80C}.Debug|x64.ActiveCfg = Debug|Any CPU
		{925C4619-069E-4F2C-932B-ED8CCE10A80C}.Debug|x64.Build.0 = Debug|Any CPU
		{925C4619-069E-4F2C-932B-ED8CCE10A80C}.Debug|x86.ActiveCfg = Debug|Any CPU
		{925C4619-069E-4F2C-932B-ED8CCE10A80C}.Debug|x86.Build.0 = Debug|Any CPU
		{925C4619-069E-4F2C-932B-ED8CCE10A80C}.Release|Any CPU.ActiveCfg = Release|Any CPU
		{925C4619-069E-4F2C-932B-ED8CCE10A80C}.Release|Any CPU.Build.0 = Release|Any CPU
		{925C4619-069E-4F2C-932B-ED8CCE10A80C}.Release|x64.ActiveCfg = Release|Any CPU
		{925C4619-069E-4F2C-932B-ED8CCE10A80C}.Release|x64.Build.0 = Release|Any CPU
		{925C4619-069E-4F2C-932B-ED8CCE10A80C}.Release|x86.ActiveCfg = Release|Any CPU
		{925C4619-069E-4F2C-932B-ED8CCE10A80C}.Release|x86.Build.0 = Release|Any CPU
	EndGlobalSection
	GlobalSection(SolutionProperties) = preSolution
		HideSolutionNode = FALSE
	EndGlobalSection
	GlobalSection(NestedProjects) = preSolution
		{250FCD17-F06C-4490-9DE5-055F4014D9E6} = {CA32682B-E7CF-48C0-A957-0549E4175D86}
		{23BC908F-D3B9-4490-B470-E6E244770D6C} = {7C9C2CCF-4FA7-441A-9A23-4957B4921AE9}
		{2B44BC10-2D44-468A-89E7-8765D64906A2} = {CA32682B-E7CF-48C0-A957-0549E4175D86}
		{BB2E8019-540C-4E97-9ADB-32C1C6D37D5E} = {CA32682B-E7CF-48C0-A957-0549E4175D86}
		{62892FC7-5765-4DA4-9D93-EA60F1C0BE11} = {7C9C2CCF-4FA7-441A-9A23-4957B4921AE9}
		{B15BB87A-AE61-45EB-A73A-19A4FCD74B2A} = {CA32682B-E7CF-48C0-A957-0549E4175D86}
		{7CB60EBB-D6C9-46A8-A94D-5ADE5187767F} = {CA32682B-E7CF-48C0-A957-0549E4175D86}
		{161082CE-F669-4675-9D4E-78DB71398388} = {7C9C2CCF-4FA7-441A-9A23-4957B4921AE9}
		{AD4B869B-0827-4AD1-8847-58B752E3EE23} = {1D6C1313-E8B0-4032-B89D-304647842D96}
		{925C4619-069E-4F2C-932B-ED8CCE10A80C} = {7C9C2CCF-4FA7-441A-9A23-4957B4921AE9}
	EndGlobalSection
	GlobalSection(ExtensibilityGlobals) = postSolution
		SolutionGuid = {93B03AAC-2AD2-4660-B419-038FB531515B}
	EndGlobalSection
EndGlobal
